
Microsoft Visual Studio Solution File, Format Version 12.00
# Visual Studio Version 17
VisualStudioVersion = 17.11.35222.181
MinimumVisualStudioVersion = 10.0.40219.1
Project("{FAE04EC0-301F-11D3-BF4B-00C04F79EFBC}") = "Conjuntos", "Conjuntos\Conjuntos.csproj", "{D715821A-9167-4E81-97BF-B56C02ECF536}"
EndProject
Global
	GlobalSection(SolutionConfigurationPlatforms) = preSolution
		Debug|Any CPU = Debug|Any CPU
		Release|Any CPU = Release|Any CPU
	EndGlobalSection
	GlobalSection(ProjectConfigurationPlatforms) = postSolution
		{D715821A-9167-4E81-97BF-B56C02ECF536}.Debug|Any CPU.ActiveCfg = Debug|Any CPU
		{D715821A-9167-4E81-97BF-B56C02ECF536}.Debug|Any CPU.Build.0 = Debug|Any CPU
		{D715821A-9167-4E81-97BF-B56C02ECF536}.Release|Any CPU.ActiveCfg = Release|Any CPU
		{D715821A-9167-4E81-97BF-B56C02ECF536}.Release|Any CPU.Build.0 = Release|Any CPU
	EndGlobalSection
	GlobalSection(SolutionProperties) = preSolution
		HideSolutionNode = FALSE
	EndGlobalSection
	GlobalSection(ExtensibilityGlobals) = postSolution
		SolutionGuid = {1B829A7F-5B25-4480-A1AE-D754D137002D}
	EndGlobalSection
EndGlobal
